
Microsoft Visual Studio Solution File, Format Version 12.00
# Visual Studio Version 16
VisualStudioVersion = 16.0.30128.74
MinimumVisualStudioVersion = 10.0.40219.1
Project("{FAE04EC0-301F-11D3-BF4B-00C04F79EFBC}") = "DecrypteService", "DecrypteService\DecrypteService.csproj", "{A9B2E555-B421-4433-908A-1C7BACE6ECE6}"
EndProject
Project("{FAE04EC0-301F-11D3-BF4B-00C04F79EFBC}") = "DecrypteServiceInterfaces", "DecrypteServiceInterfaces\DecrypteServiceInterfaces.csproj", "{1CB75DE2-A98A-4B2B-AC92-1335F46C4C95}"
EndProject
Project("{FAE04EC0-301F-11D3-BF4B-00C04F79EFBC}") = "ClientWPF", "ClientWPF\ClientWPF.csproj", "{8291284F-543E-4695-855B-34F538FD989D}"
EndProject
Project("{FAE04EC0-301F-11D3-BF4B-00C04F79EFBC}") = "ReturnFromJava", "ReturnFromJava\ReturnFromJava.csproj", "{341DDB56-E12A-4B0D-9836-A1A03E2F1588}"
EndProject
Global
	GlobalSection(SolutionConfigurationPlatforms) = preSolution
		Debug|Any CPU = Debug|Any CPU
		Release|Any CPU = Release|Any CPU
	EndGlobalSection
	GlobalSection(ProjectConfigurationPlatforms) = postSolution
		{A9B2E555-B421-4433-908A-1C7BACE6ECE6}.Debug|Any CPU.ActiveCfg = Debug|Any CPU
		{A9B2E555-B421-4433-908A-1C7BACE6ECE6}.Debug|Any CPU.Build.0 = Debug|Any CPU
		{A9B2E555-B421-4433-908A-1C7BACE6ECE6}.Release|Any CPU.ActiveCfg = Release|Any CPU
		{A9B2E555-B421-4433-908A-1C7BACE6ECE6}.Release|Any CPU.Build.0 = Release|Any CPU
		{1CB75DE2-A98A-4B2B-AC92-1335F46C4C95}.Debug|Any CPU.ActiveCfg = Debug|Any CPU
		{1CB75DE2-A98A-4B2B-AC92-1335F46C4C95}.Debug|Any CPU.Build.0 = Debug|Any CPU
		{1CB75DE2-A98A-4B2B-AC92-1335F46C4C95}.Release|Any CPU.ActiveCfg = Release|Any CPU
		{1CB75DE2-A98A-4B2B-AC92-1335F46C4C95}.Release|Any CPU.Build.0 = Release|Any CPU
		{8291284F-543E-4695-855B-34F538FD989D}.Debug|Any CPU.ActiveCfg = Debug|Any CPU
		{8291284F-543E-4695-855B-34F538FD989D}.Debug|Any CPU.Build.0 = Debug|Any CPU
		{8291284F-543E-4695-855B-34F538FD989D}.Release|Any CPU.ActiveCfg = Release|Any CPU
		{8291284F-543E-4695-855B-34F538FD989D}.Release|Any CPU.Build.0 = Release|Any CPU
		{341DDB56-E12A-4B0D-9836-A1A03E2F1588}.Debug|Any CPU.ActiveCfg = Debug|Any CPU
		{341DDB56-E12A-4B0D-9836-A1A03E2F1588}.Debug|Any CPU.Build.0 = Debug|Any CPU
		{341DDB56-E12A-4B0D-9836-A1A03E2F1588}.Release|Any CPU.ActiveCfg = Release|Any CPU
		{341DDB56-E12A-4B0D-9836-A1A03E2F1588}.Release|Any CPU.Build.0 = Release|Any CPU
	EndGlobalSection
	GlobalSection(SolutionProperties) = preSolution
		HideSolutionNode = FALSE
	EndGlobalSection
	GlobalSection(ExtensibilityGlobals) = postSolution
		SolutionGuid = {5022F87F-EC96-42E4-BAAC-24659BE328C6}
	EndGlobalSection
EndGlobal
